<?xml version="1.0" encoding="utf-8"?>
<Project ToolsVersion="4.0" xmlns="http://schemas.microsoft.com/developer/msbuild/2003">
  <ItemGroup>
    <Filter Include="소스 파일">
      <UniqueIdentifier>{4FC737F1-C7A5-4376-A066-2A32D752A2FF}</UniqueIdentifier>
      <Extensions>cpp;c;cc;cxx;c++;def;odl;idl;hpj;bat;asm;asmx</Extensions>
    </Filter>
    <Filter Include="헤더 파일">
      <UniqueIdentifier>{93995380-89BD-4b04-88EB-625FBE52EBFB}</UniqueIdentifier>
      <Extensions>h;hh;hpp;hxx;h++;hm;inl;inc;ipp;xsd</Extensions>
    </Filter>
    <Filter Include="리소스 파일">
      <UniqueIdentifier>{67DA6AB6-F800-4c08-8B7A-83BB121AAD01}</UniqueIdentifier>
      <Extensions>rc;ico;cur;bmp;dlg;rc2;rct;bin;rgs;gif;jpg;jpeg;jpe;resx;tiff;tif;png;wav;mfcribbon-ms</Extensions>
    </Filter>
    <Filter Include="소스 파일\SWEA">
      <UniqueIdentifier>{6dae414a-6776-4ae9-aca9-0b43fe5eee79}</UniqueIdentifier>
    </Filter>
    <Filter Include="소스 파일\백준">
      <UniqueIdentifier>{cff1f24e-25ff-42bf-b173-3381b14a8cf3}</UniqueIdentifier>
    </Filter>
  </ItemGroup>
  <ItemGroup>
    <ClCompile Include="1206[SW문제해결기본]1일차-View.cpp">
      <Filter>소스 파일\SWEA</Filter>
    </ClCompile>
    <ClCompile Include="1208.[SW 문제해결기본]1일차-Flatten.cpp">
      <Filter>소스 파일\SWEA</Filter>
    </ClCompile>
    <ClCompile Include="1209[SW문제해결기본]2일차-Sum.cpp">
      <Filter>소스 파일\SWEA</Filter>
    </ClCompile>
    <ClCompile Include="1213.[SW문제해결기본]3일차-String.cpp">
      <Filter>소스 파일\SWEA</Filter>
    </ClCompile>
    <ClCompile Include="1215[SW문제해결기본]3일차-회문1.cpp">
      <Filter>소스 파일\SWEA</Filter>
    </ClCompile>
    <ClCompile Include="1946간단한압축풀기.cpp">
      <Filter>소스 파일\SWEA</Filter>
    </ClCompile>
    <ClCompile Include="1948날짜계산기.cpp">
      <Filter>소스 파일\SWEA</Filter>
    </ClCompile>
    <ClCompile Include="1954달팽이숫자.cpp">
      <Filter>소스 파일\SWEA</Filter>
    </ClCompile>
    <ClCompile Include="1959두개의숫자열.cpp">
      <Filter>소스 파일\SWEA</Filter>
    </ClCompile>
    <ClCompile Include="1961숫자배열회전.cpp">
      <Filter>소스 파일\SWEA</Filter>
    </ClCompile>
    <ClCompile Include="1966숫자를정렬하자.cpp">
      <Filter>소스 파일\SWEA</Filter>
    </ClCompile>
    <ClCompile Include="1970쉬운거스름돈.cpp">
      <Filter>소스 파일\SWEA</Filter>
    </ClCompile>
    <ClCompile Include="1974스도쿠검증.cpp">
      <Filter>소스 파일\SWEA</Filter>
    </ClCompile>
    <ClCompile Include="1976시각덧셈.cpp">
      <Filter>소스 파일\SWEA</Filter>
    </ClCompile>
    <ClCompile Include="1979어디에단어가들어갈수있을까.cpp">
      <Filter>소스 파일\SWEA</Filter>
    </ClCompile>
    <ClCompile Include="1003.피보나치함수.cpp">
      <Filter>소스 파일\백준</Filter>
    </ClCompile>
    <ClCompile Include="1260DFS BFS.cpp">
      <Filter>소스 파일\백준</Filter>
    </ClCompile>
    <ClCompile Include="1966.프린터큐.cpp">
      <Filter>소스 파일\백준</Filter>
    </ClCompile>
    <ClCompile Include="2133.타일채우기.cpp">
      <Filter>소스 파일\백준</Filter>
    </ClCompile>
    <ClCompile Include="10872.재귀 팩토리얼.cpp">
      <Filter>소스 파일\백준</Filter>
    </ClCompile>
    <ClCompile Include="14891.톱니바퀴.cpp">
      <Filter>소스 파일\백준</Filter>
    </ClCompile>
    <ClCompile Include="15662.톱니바퀴%282%29.cpp">
      <Filter>소스 파일\백준</Filter>
    </ClCompile>
    <ClCompile Include="10172개.cpp">
      <Filter>소스 파일\백준</Filter>
    </ClCompile>
    <ClCompile Include="1167.트리의지름!.cpp">
      <Filter>소스 파일\백준</Filter>
    </ClCompile>
    <ClCompile Include="1991트리순회!.cpp">
      <Filter>소스 파일\백준</Filter>
    </ClCompile>
    <ClCompile Include="1000a+b.cpp">
      <Filter>소스 파일\백준</Filter>
    </ClCompile>
    <ClCompile Include="10869사칙연산.cpp">
      <Filter>소스 파일\백준</Filter>
    </ClCompile>
    <ClCompile Include="10430나머지.cpp">
      <Filter>소스 파일\백준</Filter>
    </ClCompile>
    <ClCompile Include="2588곱셈.cpp">
      <Filter>소스 파일\백준</Filter>
    </ClCompile>
    <ClCompile Include="1330두 수 비교하기.cpp">
      <Filter>소스 파일\백준</Filter>
    </ClCompile>
    <ClCompile Include="2753윤년.cpp">
      <Filter>소스 파일\백준</Filter>
    </ClCompile>
    <ClCompile Include="14681사분면 고르기.cpp">
      <Filter>소스 파일\백준</Filter>
    </ClCompile>
    <ClCompile Include="2884알람시계.cpp">
      <Filter>소스 파일\백준</Filter>
    </ClCompile>
    <ClCompile Include="2739구구단.cpp">
      <Filter>소스 파일\백준</Filter>
    </ClCompile>
    <ClCompile Include="10950a+b -3.cpp">
      <Filter>소스 파일\백준</Filter>
    </ClCompile>
    <ClCompile Include="10871x보다작은수.cpp">
      <Filter>소스 파일\백준</Filter>
    </ClCompile>
    <ClCompile Include="2742기찍N.cpp">
      <Filter>소스 파일\백준</Filter>
    </ClCompile>
    <ClCompile Include="8393합.cpp">
      <Filter>소스 파일\백준</Filter>
    </ClCompile>
    <ClCompile Include="15552빠른 a+B.cpp">
      <Filter>소스 파일\백준</Filter>
    </ClCompile>
    <ClCompile Include="11021A+B -7.cpp">
      <Filter>소스 파일\백준</Filter>
    </ClCompile>
    <ClCompile Include="11022A+B -8.cpp">
      <Filter>소스 파일\백준</Filter>
    </ClCompile>
    <ClCompile Include="10818최소,최대.cpp">
      <Filter>소스 파일\백준</Filter>
    </ClCompile>
    <ClCompile Include="2562최댓값.cpp">
      <Filter>소스 파일\백준</Filter>
    </ClCompile>
    <ClCompile Include="2577숫자의 개수.cpp">
      <Filter>소스 파일\백준</Filter>
    </ClCompile>
    <ClCompile Include="3052나머지.cpp">
      <Filter>소스 파일\백준</Filter>
    </ClCompile>
    <ClCompile Include="1546평균.cpp">
      <Filter>소스 파일\백준</Filter>
    </ClCompile>
    <ClCompile Include="8958OX퀴즈.cpp">
      <Filter>소스 파일\백준</Filter>
    </ClCompile>
    <ClCompile Include="4344평균은넘겠지.cpp">
      <Filter>소스 파일\백준</Filter>
    </ClCompile>
    <ClCompile Include="15596정수 N개의 합.cpp">
      <Filter>소스 파일\백준</Filter>
    </ClCompile>
  </ItemGroup>
</Project>